
Microsoft Visual Studio Solution File, Format Version 12.00
# Visual Studio Version 17
VisualStudioVersion = 17.4.33213.308
MinimumVisualStudioVersion = 10.0.40219.1
Project("{FAE04EC0-301F-11D3-BF4B-00C04F79EFBC}") = "MarkdownEditUsingMarkdig", "MarkdownEditUsingMarkdig.csproj", "{129D0070-717C-44BD-A322-B7161581320B}"
EndProject
Global
	GlobalSection(SolutionConfigurationPlatforms) = preSolution
		Debug|Any CPU = Debug|Any CPU
		Release|Any CPU = Release|Any CPU
	EndGlobalSection
	GlobalSection(ProjectConfigurationPlatforms) = postSolution
		{129D0070-717C-44BD-A322-B7161581320B}.Debug|Any CPU.ActiveCfg = Debug|Any CPU
		{129D0070-717C-44BD-A322-B7161581320B}.Debug|Any CPU.Build.0 = Debug|Any CPU
		{129D0070-717C-44BD-A322-B7161581320B}.Release|Any CPU.ActiveCfg = Release|Any CPU
		{129D0070-717C-44BD-A322-B7161581320B}.Release|Any CPU.Build.0 = Release|Any CPU
	EndGlobalSection
	GlobalSection(SolutionProperties) = preSolution
		HideSolutionNode = FALSE
	EndGlobalSection
	GlobalSection(ExtensibilityGlobals) = postSolution
		SolutionGuid = {75FFF336-0060-4360-BB68-11F394C711C2}
	EndGlobalSection
EndGlobal
